
Microsoft Visual Studio Solution File, Format Version 12.00
# Visual Studio 15
VisualStudioVersion = 15.0.26730.12
MinimumVisualStudioVersion = 10.0.40219.1
Project("{FAE04EC0-301F-11D3-BF4B-00C04F79EFBC}") = "AttributeRouting", "AttributeRouting\AttributeRouting.csproj", "{6DDD4679-230F-4431-87FD-0A73752B0BFC}"
EndProject
Global
	GlobalSection(SolutionConfigurationPlatforms) = preSolution
		Debug|Any CPU = Debug|Any CPU
		Release|Any CPU = Release|Any CPU
	EndGlobalSection
	GlobalSection(ProjectConfigurationPlatforms) = postSolution
		{6DDD4679-230F-4431-87FD-0A73752B0BFC}.Debug|Any CPU.ActiveCfg = Debug|Any CPU
		{6DDD4679-230F-4431-87FD-0A73752B0BFC}.Debug|Any CPU.Build.0 = Debug|Any CPU
		{6DDD4679-230F-4431-87FD-0A73752B0BFC}.Release|Any CPU.ActiveCfg = Release|Any CPU
		{6DDD4679-230F-4431-87FD-0A73752B0BFC}.Release|Any CPU.Build.0 = Release|Any CPU
	EndGlobalSection
	GlobalSection(SolutionProperties) = preSolution
		HideSolutionNode = FALSE
	EndGlobalSection
	GlobalSection(ExtensibilityGlobals) = postSolution
		SolutionGuid = {A9FD73B5-2993-460C-827F-503335055671}
	EndGlobalSection
EndGlobal
